
Microsoft Visual Studio Solution File, Format Version 12.00
# Visual Studio Version 17
VisualStudioVersion = 17.0.31903.59
MinimumVisualStudioVersion = 10.0.40219.1
Project("{FAE04EC0-301F-11D3-BF4B-00C04F79EFBC}") = "BibleApi", "BibleApi\BibleApi.csproj", "{0B9AA137-D604-4AA2-9EA2-6510343697D0}"
EndProject
Project("{FAE04EC0-301F-11D3-BF4B-00C04F79EFBC}") = "BibleApi.Tests", "BibleApi.Tests\BibleApi.Tests.csproj", "{B8FFBD25-23F9-4181-B754-0C2202A3685F}"
EndProject
Project("{FAE04EC0-301F-11D3-BF4B-00C04F79EFBC}") = "BibleImporter", "BibleImporter\BibleImporter.csproj", "{4CBFE510-00BC-45FC-8672-E99A90C31182}"
EndProject
Project("{FAE04EC0-301F-11D3-BF4B-00C04F79EFBC}") = "BibleImporter.Tests", "BibleImporter.Tests\BibleImporter.Tests.csproj", "{B51E31AF-0FB1-4F50-8D90-D3C0012A9038}"
EndProject
Global
	GlobalSection(SolutionConfigurationPlatforms) = preSolution
		Debug|Any CPU = Debug|Any CPU
		Debug|x64 = Debug|x64
		Debug|x86 = Debug|x86
		Release|Any CPU = Release|Any CPU
		Release|x64 = Release|x64
		Release|x86 = Release|x86
	EndGlobalSection
	GlobalSection(ProjectConfigurationPlatforms) = postSolution
		{0B9AA137-D604-4AA2-9EA2-6510343697D0}.Debug|Any CPU.ActiveCfg = Debug|Any CPU
		{0B9AA137-D604-4AA2-9EA2-6510343697D0}.Debug|Any CPU.Build.0 = Debug|Any CPU
		{0B9AA137-D604-4AA2-9EA2-6510343697D0}.Debug|x64.ActiveCfg = Debug|Any CPU
		{0B9AA137-D604-4AA2-9EA2-6510343697D0}.Debug|x64.Build.0 = Debug|Any CPU
		{0B9AA137-D604-4AA2-9EA2-6510343697D0}.Debug|x86.ActiveCfg = Debug|Any CPU
		{0B9AA137-D604-4AA2-9EA2-6510343697D0}.Debug|x86.Build.0 = Debug|Any CPU
		{0B9AA137-D604-4AA2-9EA2-6510343697D0}.Release|Any CPU.ActiveCfg = Release|Any CPU
		{0B9AA137-D604-4AA2-9EA2-6510343697D0}.Release|Any CPU.Build.0 = Release|Any CPU
		{0B9AA137-D604-4AA2-9EA2-6510343697D0}.Release|x64.ActiveCfg = Release|Any CPU
		{0B9AA137-D604-4AA2-9EA2-6510343697D0}.Release|x64.Build.0 = Release|Any CPU
		{0B9AA137-D604-4AA2-9EA2-6510343697D0}.Release|x86.ActiveCfg = Release|Any CPU
		{0B9AA137-D604-4AA2-9EA2-6510343697D0}.Release|x86.Build.0 = Release|Any CPU
		{B8FFBD25-23F9-4181-B754-0C2202A3685F}.Debug|Any CPU.ActiveCfg = Debug|Any CPU
		{B8FFBD25-23F9-4181-B754-0C2202A3685F}.Debug|Any CPU.Build.0 = Debug|Any CPU
		{B8FFBD25-23F9-4181-B754-0C2202A3685F}.Debug|x64.ActiveCfg = Debug|Any CPU
		{B8FFBD25-23F9-4181-B754-0C2202A3685F}.Debug|x64.Build.0 = Debug|Any CPU
		{B8FFBD25-23F9-4181-B754-0C2202A3685F}.Debug|x86.ActiveCfg = Debug|Any CPU
		{B8FFBD25-23F9-4181-B754-0C2202A3685F}.Debug|x86.Build.0 = Debug|Any CPU
		{B8FFBD25-23F9-4181-B754-0C2202A3685F}.Release|Any CPU.ActiveCfg = Release|Any CPU
		{B8FFBD25-23F9-4181-B754-0C2202A3685F}.Release|Any CPU.Build.0 = Release|Any CPU
		{B8FFBD25-23F9-4181-B754-0C2202A3685F}.Release|x64.ActiveCfg = Release|Any CPU
		{B8FFBD25-23F9-4181-B754-0C2202A3685F}.Release|x64.Build.0 = Release|Any CPU
		{B8FFBD25-23F9-4181-B754-0C2202A3685F}.Release|x86.ActiveCfg = Release|Any CPU
		{B8FFBD25-23F9-4181-B754-0C2202A3685F}.Release|x86.Build.0 = Release|Any CPU
		{4CBFE510-00BC-45FC-8672-E99A90C31182}.Debug|Any CPU.ActiveCfg = Debug|Any CPU
		{4CBFE510-00BC-45FC-8672-E99A90C31182}.Debug|Any CPU.Build.0 = Debug|Any CPU
		{4CBFE510-00BC-45FC-8672-E99A90C31182}.Debug|x64.ActiveCfg = Debug|Any CPU
		{4CBFE510-00BC-45FC-8672-E99A90C31182}.Debug|x64.Build.0 = Debug|Any CPU
		{4CBFE510-00BC-45FC-8672-E99A90C31182}.Debug|x86.ActiveCfg = Debug|Any CPU
		{4CBFE510-00BC-45FC-8672-E99A90C31182}.Debug|x86.Build.0 = Debug|Any CPU
		{4CBFE510-00BC-45FC-8672-E99A90C31182}.Release|Any CPU.ActiveCfg = Release|Any CPU
		{4CBFE510-00BC-45FC-8672-E99A90C31182}.Release|Any CPU.Build.0 = Release|Any CPU
		{4CBFE510-00BC-45FC-8672-E99A90C31182}.Release|x64.ActiveCfg = Release|Any CPU
		{4CBFE510-00BC-45FC-8672-E99A90C31182}.Release|x64.Build.0 = Release|Any CPU
		{4CBFE510-00BC-45FC-8672-E99A90C31182}.Release|x86.ActiveCfg = Release|Any CPU
		{4CBFE510-00BC-45FC-8672-E99A90C31182}.Release|x86.Build.0 = Release|Any CPU
		{B51E31AF-0FB1-4F50-8D90-D3C0012A9038}.Debug|Any CPU.ActiveCfg = Debug|Any CPU
		{B51E31AF-0FB1-4F50-8D90-D3C0012A9038}.Debug|Any CPU.Build.0 = Debug|Any CPU
		{B51E31AF-0FB1-4F50-8D90-D3C0012A9038}.Debug|x64.ActiveCfg = Debug|Any CPU
		{B51E31AF-0FB1-4F50-8D90-D3C0012A9038}.Debug|x64.Build.0 = Debug|Any CPU
		{B51E31AF-0FB1-4F50-8D90-D3C0012A9038}.Debug|x86.ActiveCfg = Debug|Any CPU
		{B51E31AF-0FB1-4F50-8D90-D3C0012A9038}.Debug|x86.Build.0 = Debug|Any CPU
		{B51E31AF-0FB1-4F50-8D90-D3C0012A9038}.Release|Any CPU.ActiveCfg = Release|Any CPU
		{B51E31AF-0FB1-4F50-8D90-D3C0012A9038}.Release|Any CPU.Build.0 = Release|Any CPU
		{B51E31AF-0FB1-4F50-8D90-D3C0012A9038}.Release|x64.ActiveCfg = Release|Any CPU
		{B51E31AF-0FB1-4F50-8D90-D3C0012A9038}.Release|x64.Build.0 = Release|Any CPU
		{B51E31AF-0FB1-4F50-8D90-D3C0012A9038}.Release|x86.ActiveCfg = Release|Any CPU
		{B51E31AF-0FB1-4F50-8D90-D3C0012A9038}.Release|x86.Build.0 = Release|Any CPU
	EndGlobalSection
	GlobalSection(SolutionProperties) = preSolution
		HideSolutionNode = FALSE
	EndGlobalSection
EndGlobal
